PODS:
  - ActionSheetPicker-3.0 (2.3.0)
  - MaterialComponents/AnimationTiming (85.3.0)
  - MaterialComponents/Palettes (85.3.0)
  - MaterialComponents/private/Application (85.3.0)
  - MaterialComponents/private/Math (85.3.0)
  - MaterialComponents/TextFields (85.3.0):
    - MaterialComponents/AnimationTiming
    - MaterialComponents/Palettes
    - MaterialComponents/private/Math
    - MaterialComponents/Typography
    - MDFInternationalization
  - MaterialComponents/Typography (85.3.0):
    - MaterialComponents/private/Application
    - MaterialComponents/private/Math
  - MDFInternationalization (2.0.0)

DEPENDENCIES:
  - ActionSheetPicker-3.0
  - MaterialComponents/TextFields

SPEC REPOS:
  https://github.com/cocoapods/specs.git:
    - ActionSheetPicker-3.0
    - MaterialComponents
    - MDFInternationalization

SPEC CHECKSUMS:
  ActionSheetPicker-3.0: eef157d75e151f255c5333d26656c7fbfe905a51
  MaterialComponents: 0b489b38127be90a9a619c36e58dcc9de4da044c
  MDFInternationalization: 010097556d6b09d2c4ea38e0820ea6d37be6a314

PODFILE CHECKSUM: 5a790c7c10a14b01f491de7ed4af759a08fc7308

COCOAPODS: 1.5.3
