// !$*UTF8*$!
{
	archiveVersion = 1;
	classes = {
	};
	objectVersion = 50;
	objects = {

/* Begin PBXBuildFile section */
		AEAA0D81CE26F0C8B2192340 /* Pods_AltoViaje.framework in Frameworks */ = {isa = PBXBuildFile; fileRef = 30E0E24A0EC312937220A535 /* Pods_AltoViaje.framework */; };
		CE9FEA9222A472E8007E48D8 /* AppDelegate.swift in Sources */ = {isa = PBXBuildFile; fileRef = CE9FEA9122A472E8007E48D8 /* AppDelegate.swift */; };
		CE9FEA9422A472E8007E48D8 /* ViewController.swift in Sources */ = {isa = PBXBuildFile; fileRef = CE9FEA9322A472E8007E48D8 /* ViewController.swift */; };
		CE9FEA9922A472E9007E48D8 /* Assets.xcassets in Resources */ = {isa = PBXBuildFile; fileRef = CE9FEA9822A472E9007E48D8 /* Assets.xcassets */; };
		CE9FEA9C22A472E9007E48D8 /* LaunchScreen.storyboard in Resources */ = {isa = PBXBuildFile; fileRef = CE9FEA9A22A472E9007E48D8 /* LaunchScreen.storyboard */; };
		CE9FEAA922A47364007E48D8 /* Main.storyboard in Resources */ = {isa = PBXBuildFile; fileRef = CE9FEAA822A47364007E48D8 /* Main.storyboard */; };
		CE9FEAAB22A47645007E48D8 /* Dashboard.storyboard in Resources */ = {isa = PBXBuildFile; fileRef = CE9FEAAA22A47645007E48D8 /* Dashboard.storyboard */; };
		CE9FEAAD22A478FD007E48D8 /* DashboardViewController.swift in Sources */ = {isa = PBXBuildFile; fileRef = CE9FEAAC22A478FD007E48D8 /* DashboardViewController.swift */; };
		CE9FEAB022A47A12007E48D8 /* DashboardCell.swift in Sources */ = {isa = PBXBuildFile; fileRef = CE9FEAAE22A47A12007E48D8 /* DashboardCell.swift */; };
		CE9FEAB122A47A12007E48D8 /* DashboardCell.xib in Resources */ = {isa = PBXBuildFile; fileRef = CE9FEAAF22A47A12007E48D8 /* DashboardCell.xib */; };
		CE9FEAB722A48968007E48D8 /* MenuView.swift in Sources */ = {isa = PBXBuildFile; fileRef = CE9FEAB622A48968007E48D8 /* MenuView.swift */; };
		CE9FEAB922A4899D007E48D8 /* MenuView.xib in Resources */ = {isa = PBXBuildFile; fileRef = CE9FEAB822A4899D007E48D8 /* MenuView.xib */; };
		CE9FEABC22A48A8F007E48D8 /* MenuCell.swift in Sources */ = {isa = PBXBuildFile; fileRef = CE9FEABA22A48A8F007E48D8 /* MenuCell.swift */; };
		CE9FEABD22A48A8F007E48D8 /* MenuCell.xib in Resources */ = {isa = PBXBuildFile; fileRef = CE9FEABB22A48A8F007E48D8 /* MenuCell.xib */; };
		CEB0AF1922A87E2E000014AB /* MenuItem.swift in Sources */ = {isa = PBXBuildFile; fileRef = CEB0AF1822A87E2E000014AB /* MenuItem.swift */; };
/* End PBXBuildFile section */

/* Begin PBXFileReference section */
		30E0E24A0EC312937220A535 /* Pods_AltoViaje.framework */ = {isa = PBXFileReference; explicitFileType = wrapper.framework; includeInIndex = 0; path = Pods_AltoViaje.framework; sourceTree = BUILT_PRODUCTS_DIR; };
		4856AA243C91CE1FE2A8D757 /* Pods-AltoViaje.debug.xcconfig */ = {isa = PBXFileReference; includeInIndex = 1; lastKnownFileType = text.xcconfig; name = "Pods-AltoViaje.debug.xcconfig"; path = "Pods/Target Support Files/Pods-AltoViaje/Pods-AltoViaje.debug.xcconfig"; sourceTree = "<group>"; };
		CE9FEA8E22A472E8007E48D8 /* AltoViaje.app */ = {isa = PBXFileReference; explicitFileType = wrapper.application; includeInIndex = 0; path = AltoViaje.app; sourceTree = BUILT_PRODUCTS_DIR; };
		CE9FEA9122A472E8007E48D8 /* AppDelegate.swift */ = {isa = PBXFileReference; lastKnownFileType = sourcecode.swift; path = AppDelegate.swift; sourceTree = "<group>"; };
		CE9FEA9322A472E8007E48D8 /* ViewController.swift */ = {isa = PBXFileReference; lastKnownFileType = sourcecode.swift; path = ViewController.swift; sourceTree = "<group>"; };
		CE9FEA9822A472E9007E48D8 /* Assets.xcassets */ = {isa = PBXFileReference; lastKnownFileType = folder.assetcatalog; path = Assets.xcassets; sourceTree = "<group>"; };
		CE9FEA9B22A472E9007E48D8 /* Base */ = {isa = PBXFileReference; lastKnownFileType = file.storyboard; name = Base; path = Base.lproj/LaunchScreen.storyboard; sourceTree = "<group>"; };
		CE9FEA9D22A472E9007E48D8 /* Info.plist */ = {isa = PBXFileReference; lastKnownFileType = text.plist.xml; path = Info.plist; sourceTree = "<group>"; };
		CE9FEAA822A47364007E48D8 /* Main.storyboard */ = {isa = PBXFileReference; fileEncoding = 4; lastKnownFileType = file.storyboard; path = Main.storyboard; sourceTree = "<group>"; };
		CE9FEAAA22A47645007E48D8 /* Dashboard.storyboard */ = {isa = PBXFileReference; lastKnownFileType = file.storyboard; path = Dashboard.storyboard; sourceTree = "<group>"; };
		CE9FEAAC22A478FD007E48D8 /* DashboardViewController.swift */ = {isa = PBXFileReference; lastKnownFileType = sourcecode.swift; path = DashboardViewController.swift; sourceTree = "<group>"; };
		CE9FEAAE22A47A12007E48D8 /* DashboardCell.swift */ = {isa = PBXFileReference; lastKnownFileType = sourcecode.swift; path = DashboardCell.swift; sourceTree = "<group>"; };
		CE9FEAAF22A47A12007E48D8 /* DashboardCell.xib */ = {isa = PBXFileReference; lastKnownFileType = file.xib; path = DashboardCell.xib; sourceTree = "<group>"; };
		CE9FEAB622A48968007E48D8 /* MenuView.swift */ = {isa = PBXFileReference; lastKnownFileType = sourcecode.swift; path = MenuView.swift; sourceTree = "<group>"; };
		CE9FEAB822A4899D007E48D8 /* MenuView.xib */ = {isa = PBXFileReference; lastKnownFileType = file.xib; path = MenuView.xib; sourceTree = "<group>"; };
		CE9FEABA22A48A8F007E48D8 /* MenuCell.swift */ = {isa = PBXFileReference; lastKnownFileType = sourcecode.swift; path = MenuCell.swift; sourceTree = "<group>"; };
		CE9FEABB22A48A8F007E48D8 /* MenuCell.xib */ = {isa = PBXFileReference; lastKnownFileType = file.xib; path = MenuCell.xib; sourceTree = "<group>"; };
		CEB0AF1822A87E2E000014AB /* MenuItem.swift */ = {isa = PBXFileReference; lastKnownFileType = sourcecode.swift; path = MenuItem.swift; sourceTree = "<group>"; };
		D3D215019061A7380F3130E1 /* Pods-AltoViaje.release.xcconfig */ = {isa = PBXFileReference; includeInIndex = 1; lastKnownFileType = text.xcconfig; name = "Pods-AltoViaje.release.xcconfig"; path = "Pods/Target Support Files/Pods-AltoViaje/Pods-AltoViaje.release.xcconfig"; sourceTree = "<group>"; };
/* End PBXFileReference section */

/* Begin PBXFrameworksBuildPhase section */
		CE9FEA8B22A472E8007E48D8 /* Frameworks */ = {
			isa = PBXFrameworksBuildPhase;
			buildActionMask = 2147483647;
			files = (
				AEAA0D81CE26F0C8B2192340 /* Pods_AltoViaje.framework in Frameworks */,
			);
			runOnlyForDeploymentPostprocessing = 0;
		};
/* End PBXFrameworksBuildPhase section */

/* Begin PBXGroup section */
		65657C978423DB537BE066CF /* Pods */ = {
			isa = PBXGroup;
			children = (
				4856AA243C91CE1FE2A8D757 /* Pods-AltoViaje.debug.xcconfig */,
				D3D215019061A7380F3130E1 /* Pods-AltoViaje.release.xcconfig */,
			);
			name = Pods;
			sourceTree = "<group>";
		};
		CE9FEA8522A472E8007E48D8 = {
			isa = PBXGroup;
			children = (
				CE9FEA9022A472E8007E48D8 /* AltoViaje */,
				CE9FEA8F22A472E8007E48D8 /* Products */,
				65657C978423DB537BE066CF /* Pods */,
				E4BE4A3774EFC604B3EB9898 /* Frameworks */,
			);
			sourceTree = "<group>";
		};
		CE9FEA8F22A472E8007E48D8 /* Products */ = {
			isa = PBXGroup;
			children = (
				CE9FEA8E22A472E8007E48D8 /* AltoViaje.app */,
			);
			name = Products;
			sourceTree = "<group>";
		};
		CE9FEA9022A472E8007E48D8 /* AltoViaje */ = {
			isa = PBXGroup;
			children = (
				CE9FEAA322A47311007E48D8 /* Features */,
				CE9FEA9122A472E8007E48D8 /* AppDelegate.swift */,
				CE9FEA9322A472E8007E48D8 /* ViewController.swift */,
				CE9FEA9822A472E9007E48D8 /* Assets.xcassets */,
				CE9FEA9A22A472E9007E48D8 /* LaunchScreen.storyboard */,
				CE9FEA9D22A472E9007E48D8 /* Info.plist */,
			);
			path = AltoViaje;
			sourceTree = "<group>";
		};
		CE9FEAA322A47311007E48D8 /* Features */ = {
			isa = PBXGroup;
			children = (
				CE9FEAA722A4732B007E48D8 /* MisViajes */,
				CE9FEAA622A47327007E48D8 /* Perfil */,
				CE9FEAA522A47321007E48D8 /* Dashboard */,
				CE9FEAA422A4731A007E48D8 /* Tab */,
			);
			path = Features;
			sourceTree = "<group>";
		};
		CE9FEAA422A4731A007E48D8 /* Tab */ = {
			isa = PBXGroup;
			children = (
				CE9FEAA822A47364007E48D8 /* Main.storyboard */,
			);
			path = Tab;
			sourceTree = "<group>";
		};
		CE9FEAA522A47321007E48D8 /* Dashboard */ = {
			isa = PBXGroup;
			children = (
				CE9FEAB522A48943007E48D8 /* Menu */,
				CE9FEAAA22A47645007E48D8 /* Dashboard.storyboard */,
				CE9FEAAC22A478FD007E48D8 /* DashboardViewController.swift */,
				CE9FEAAE22A47A12007E48D8 /* DashboardCell.swift */,
				CE9FEAAF22A47A12007E48D8 /* DashboardCell.xib */,
			);
			path = Dashboard;
			sourceTree = "<group>";
		};
		CE9FEAA622A47327007E48D8 /* Perfil */ = {
			isa = PBXGroup;
			children = (
			);
			path = Perfil;
			sourceTree = "<group>";
		};
		CE9FEAA722A4732B007E48D8 /* MisViajes */ = {
			isa = PBXGroup;
			children = (
			);
			path = MisViajes;
			sourceTree = "<group>";
		};
		CE9FEAB522A48943007E48D8 /* Menu */ = {
			isa = PBXGroup;
			children = (
				CE9FEAB622A48968007E48D8 /* MenuView.swift */,
				CE9FEAB822A4899D007E48D8 /* MenuView.xib */,
				CE9FEABA22A48A8F007E48D8 /* MenuCell.swift */,
				CE9FEABB22A48A8F007E48D8 /* MenuCell.xib */,
				CEB0AF1822A87E2E000014AB /* MenuItem.swift */,
			);
			path = Menu;
			sourceTree = "<group>";
		};
		E4BE4A3774EFC604B3EB9898 /* Frameworks */ = {
			isa = PBXGroup;
			children = (
				30E0E24A0EC312937220A535 /* Pods_AltoViaje.framework */,
			);
			name = Frameworks;
			sourceTree = "<group>";
		};
/* End PBXGroup section */

/* Begin PBXNativeTarget section */
		CE9FEA8D22A472E8007E48D8 /* AltoViaje */ = {
			isa = PBXNativeTarget;
			buildConfigurationList = CE9FEAA022A472E9007E48D8 /* Build configuration list for PBXNativeTarget "AltoViaje" */;
			buildPhases = (
				829B26C2A413D0FEB1BE3922 /* [CP] Check Pods Manifest.lock */,
				CE9FEA8A22A472E8007E48D8 /* Sources */,
				CE9FEA8B22A472E8007E48D8 /* Frameworks */,
				CE9FEA8C22A472E8007E48D8 /* Resources */,
			);
			buildRules = (
			);
			dependencies = (
			);
			name = AltoViaje;
			productName = AltoViaje;
			productReference = CE9FEA8E22A472E8007E48D8 /* AltoViaje.app */;
			productType = "com.apple.product-type.application";
		};
/* End PBXNativeTarget section */

/* Begin PBXProject section */
		CE9FEA8622A472E8007E48D8 /* Project object */ = {
			isa = PBXProject;
			attributes = {
				LastSwiftUpdateCheck = 1010;
				LastUpgradeCheck = 1010;
				ORGANIZATIONNAME = AltoViaje;
				TargetAttributes = {
					CE9FEA8D22A472E8007E48D8 = {
						CreatedOnToolsVersion = 10.1;
					};
				};
			};
			buildConfigurationList = CE9FEA8922A472E8007E48D8 /* Build configuration list for PBXProject "AltoViaje" */;
			compatibilityVersion = "Xcode 9.3";
			developmentRegion = en;
			hasScannedForEncodings = 0;
			knownRegions = (
				en,
				Base,
			);
			mainGroup = CE9FEA8522A472E8007E48D8;
			productRefGroup = CE9FEA8F22A472E8007E48D8 /* Products */;
			projectDirPath = "";
			projectRoot = "";
			targets = (
				CE9FEA8D22A472E8007E48D8 /* AltoViaje */,
			);
		};
/* End PBXProject section */

/* Begin PBXResourcesBuildPhase section */
		CE9FEA8C22A472E8007E48D8 /* Resources */ = {
			isa = PBXResourcesBuildPhase;
			buildActionMask = 2147483647;
			files = (
				CE9FEAB122A47A12007E48D8 /* DashboardCell.xib in Resources */,
				CE9FEAB922A4899D007E48D8 /* MenuView.xib in Resources */,
				CE9FEABD22A48A8F007E48D8 /* MenuCell.xib in Resources */,
				CE9FEAA922A47364007E48D8 /* Main.storyboard in Resources */,
				CE9FEA9C22A472E9007E48D8 /* LaunchScreen.storyboard in Resources */,
				CE9FEA9922A472E9007E48D8 /* Assets.xcassets in Resources */,
				CE9FEAAB22A47645007E48D8 /* Dashboard.storyboard in Resources */,
			);
			runOnlyForDeploymentPostprocessing = 0;
		};
/* End PBXResourcesBuildPhase section */

/* Begin PBXShellScriptBuildPhase section */
		829B26C2A413D0FEB1BE3922 /* [CP] Check Pods Manifest.lock */ = {
			isa = PBXShellScriptBuildPhase;
			buildActionMask = 2147483647;
			files = (
			);
			inputPaths = (
				"${PODS_PODFILE_DIR_PATH}/Podfile.lock",
				"${PODS_ROOT}/Manifest.lock",
			);
			name = "[CP] Check Pods Manifest.lock";
			outputPaths = (
				"$(DERIVED_FILE_DIR)/Pods-AltoViaje-checkManifestLockResult.txt",
			);
			runOnlyForDeploymentPostprocessing = 0;
			shellPath = /bin/sh;
			shellScript = "diff \"${PODS_PODFILE_DIR_PATH}/Podfile.lock\" \"${PODS_ROOT}/Manifest.lock\" > /dev/null\nif [ $? != 0 ] ; then\n    # print error to STDERR\n    echo \"error: The sandbox is not in sync with the Podfile.lock. Run 'pod install' or update your CocoaPods installation.\" >&2\n    exit 1\nfi\n# This output is used by Xcode 'outputs' to avoid re-running this script phase.\necho \"SUCCESS\" > \"${SCRIPT_OUTPUT_FILE_0}\"\n";
			showEnvVarsInLog = 0;
		};
/* End PBXShellScriptBuildPhase section */

/* Begin PBXSourcesBuildPhase section */
		CE9FEA8A22A472E8007E48D8 /* Sources */ = {
			isa = PBXSourcesBuildPhase;
			buildActionMask = 2147483647;
			files = (
				CEB0AF1922A87E2E000014AB /* MenuItem.swift in Sources */,
				CE9FEAB722A48968007E48D8 /* MenuView.swift in Sources */,
				CE9FEA9422A472E8007E48D8 /* ViewController.swift in Sources */,
				CE9FEABC22A48A8F007E48D8 /* MenuCell.swift in Sources */,
				CE9FEAAD22A478FD007E48D8 /* DashboardViewController.swift in Sources */,
				CE9FEAB022A47A12007E48D8 /* DashboardCell.swift in Sources */,
				CE9FEA9222A472E8007E48D8 /* AppDelegate.swift in Sources */,
			);
			runOnlyForDeploymentPostprocessing = 0;
		};
/* End PBXSourcesBuildPhase section */

/* Begin PBXVariantGroup section */
		CE9FEA9A22A472E9007E48D8 /* LaunchScreen.storyboard */ = {
			isa = PBXVariantGroup;
			children = (
				CE9FEA9B22A472E9007E48D8 /* Base */,
			);
			name = LaunchScreen.storyboard;
			sourceTree = "<group>";
		};
/* End PBXVariantGroup section */

/* Begin XCBuildConfiguration section */
		CE9FEA9E22A472E9007E48D8 /* Debug */ = {
			isa = XCBuildConfiguration;
			buildSettings = {
				ALWAYS_SEARCH_USER_PATHS = NO;
				CLANG_ANALYZER_NONNULL = YES;
				CLANG_ANALYZER_NUMBER_OBJECT_CONVERSION = YES_AGGRESSIVE;
				CLANG_CXX_LANGUAGE_STANDARD = "gnu++14";
				CLANG_CXX_LIBRARY = "libc++";
				CLANG_ENABLE_MODULES = YES;
				CLANG_ENABLE_OBJC_ARC = YES;
				CLANG_ENABLE_OBJC_WEAK = YES;
				CLANG_WARN_BLOCK_CAPTURE_AUTORELEASING = YES;
				CLANG_WARN_BOOL_CONVERSION = YES;
				CLANG_WARN_COMMA = YES;
				CLANG_WARN_CONSTANT_CONVERSION = YES;
				CLANG_WARN_DEPRECATED_OBJC_IMPLEMENTATIONS = YES;
				CLANG_WARN_DIRECT_OBJC_ISA_USAGE = YES_ERROR;
				CLANG_WARN_DOCUMENTATION_COMMENTS = YES;
				CLANG_WARN_EMPTY_BODY = YES;
				CLANG_WARN_ENUM_CONVERSION = YES;
				CLANG_WARN_INFINITE_RECURSION = YES;
				CLANG_WARN_INT_CONVERSION = YES;
				CLANG_WARN_NON_LITERAL_NULL_CONVERSION = YES;
				CLANG_WARN_OBJC_IMPLICIT_RETAIN_SELF = YES;
				CLANG_WARN_OBJC_LITERAL_CONVERSION = YES;
				CLANG_WARN_OBJC_ROOT_CLASS = YES_ERROR;
				CLANG_WARN_RANGE_LOOP_ANALYSIS = YES;
				CLANG_WARN_STRICT_PROTOTYPES = YES;
				CLANG_WARN_SUSPICIOUS_MOVE = YES;
				CLANG_WARN_UNGUARDED_AVAILABILITY = YES_AGGRESSIVE;
				CLANG_WARN_UNREACHABLE_CODE = YES;
				CLANG_WARN__DUPLICATE_METHOD_MATCH = YES;
				CODE_SIGN_IDENTITY = "iPhone Developer";
				COPY_PHASE_STRIP = NO;
				DEBUG_INFORMATION_FORMAT = dwarf;
				ENABLE_STRICT_OBJC_MSGSEND = YES;
				ENABLE_TESTABILITY = YES;
				GCC_C_LANGUAGE_STANDARD = gnu11;
				GCC_DYNAMIC_NO_PIC = NO;
				GCC_NO_COMMON_BLOCKS = YES;
				GCC_OPTIMIZATION_LEVEL = 0;
				GCC_PREPROCESSOR_DEFINITIONS = (
					"DEBUG=1",
					"$(inherited)",
				);
				GCC_WARN_64_TO_32_BIT_CONVERSION = YES;
				GCC_WARN_ABOUT_RETURN_TYPE = YES_ERROR;
				GCC_WARN_UNDECLARED_SELECTOR = YES;
				GCC_WARN_UNINITIALIZED_AUTOS = YES_AGGRESSIVE;
				GCC_WARN_UNUSED_FUNCTION = YES;
				GCC_WARN_UNUSED_VARIABLE = YES;
				IPHONEOS_DEPLOYMENT_TARGET = 12.1;
				MTL_ENABLE_DEBUG_INFO = INCLUDE_SOURCE;
				MTL_FAST_MATH = YES;
				ONLY_ACTIVE_ARCH = YES;
				SDKROOT = iphoneos;
				SWIFT_ACTIVE_COMPILATION_CONDITIONS = DEBUG;
				SWIFT_OPTIMIZATION_LEVEL = "-Onone";
			};
			name = Debug;
		};
		CE9FEA9F22A472E9007E48D8 /* Release */ = {
			isa = XCBuildConfiguration;
			buildSettings = {
				ALWAYS_SEARCH_USER_PATHS = NO;
				CLANG_ANALYZER_NONNULL = YES;
				CLANG_ANALYZER_NUMBER_OBJECT_CONVERSION = YES_AGGRESSIVE;
				CLANG_CXX_LANGUAGE_STANDARD = "gnu++14";
				CLANG_CXX_LIBRARY = "libc++";
				CLANG_ENABLE_MODULES = YES;
				CLANG_ENABLE_OBJC_ARC = YES;
				CLANG_ENABLE_OBJC_WEAK = YES;
				CLANG_WARN_BLOCK_CAPTURE_AUTORELEASING = YES;
				CLANG_WARN_BOOL_CONVERSION = YES;
				CLANG_WARN_COMMA = YES;
				CLANG_WARN_CONSTANT_CONVERSION = YES;
				CLANG_WARN_DEPRECATED_OBJC_IMPLEMENTATIONS = YES;
				CLANG_WARN_DIRECT_OBJC_ISA_USAGE = YES_ERROR;
				CLANG_WARN_DOCUMENTATION_COMMENTS = YES;
				CLANG_WARN_EMPTY_BODY = YES;
				CLANG_WARN_ENUM_CONVERSION = YES;
				CLANG_WARN_INFINITE_RECURSION = YES;
				CLANG_WARN_INT_CONVERSION = YES;
				CLANG_WARN_NON_LITERAL_NULL_CONVERSION = YES;
				CLANG_WARN_OBJC_IMPLICIT_RETAIN_SELF = YES;
				CLANG_WARN_OBJC_LITERAL_CONVERSION = YES;
				CLANG_WARN_OBJC_ROOT_CLASS = YES_ERROR;
				CLANG_WARN_RANGE_LOOP_ANALYSIS = YES;
				CLANG_WARN_STRICT_PROTOTYPES = YES;
				CLANG_WARN_SUSPICIOUS_MOVE = YES;
				CLANG_WARN_UNGUARDED_AVAILABILITY = YES_AGGRESSIVE;
				CLANG_WARN_UNREACHABLE_CODE = YES;
				CLANG_WARN__DUPLICATE_METHOD_MATCH = YES;
				CODE_SIGN_IDENTITY = "iPhone Developer";
				COPY_PHASE_STRIP = NO;
				DEBUG_INFORMATION_FORMAT = "dwarf-with-dsym";
				ENABLE_NS_ASSERTIONS = NO;
				ENABLE_STRICT_OBJC_MSGSEND = YES;
				GCC_C_LANGUAGE_STANDARD = gnu11;
				GCC_NO_COMMON_BLOCKS = YES;
				GCC_WARN_64_TO_32_BIT_CONVERSION = YES;
				GCC_WARN_ABOUT_RETURN_TYPE = YES_ERROR;
				GCC_WARN_UNDECLARED_SELECTOR = YES;
				GCC_WARN_UNINITIALIZED_AUTOS = YES_AGGRESSIVE;
				GCC_WARN_UNUSED_FUNCTION = YES;
				GCC_WARN_UNUSED_VARIABLE = YES;
				IPHONEOS_DEPLOYMENT_TARGET = 12.1;
				MTL_ENABLE_DEBUG_INFO = NO;
				MTL_FAST_MATH = YES;
				SDKROOT = iphoneos;
				SWIFT_COMPILATION_MODE = wholemodule;
				SWIFT_OPTIMIZATION_LEVEL = "-O";
				VALIDATE_PRODUCT = YES;
			};
			name = Release;
		};
		CE9FEAA122A472E9007E48D8 /* Debug */ = {
			isa = XCBuildConfiguration;
			baseConfigurationReference = 4856AA243C91CE1FE2A8D757 /* Pods-AltoViaje.debug.xcconfig */;
			buildSettings = {
				ASSETCATALOG_COMPILER_APPICON_NAME = AppIcon;
				CODE_SIGN_STYLE = Manual;
				DEVELOPMENT_TEAM = ARC7EPQWL9;
				INFOPLIST_FILE = AltoViaje/Info.plist;
				LD_RUNPATH_SEARCH_PATHS = (
					"$(inherited)",
					"@executable_path/Frameworks",
				);
				PRODUCT_BUNDLE_IDENTIFIER = AltoViaje.AltoViaje;
				PRODUCT_NAME = "$(TARGET_NAME)";
				PROVISIONING_PROFILE_SPECIFIER = "FDViOSTeam Developer 2016 02 29 A";
				SWIFT_VERSION = 4.2;
				TARGETED_DEVICE_FAMILY = "1,2";
			};
			name = Debug;
		};
		CE9FEAA222A472E9007E48D8 /* Release */ = {
			isa = XCBuildConfiguration;
			baseConfigurationReference = D3D215019061A7380F3130E1 /* Pods-AltoViaje.release.xcconfig */;
			buildSettings = {
				ASSETCATALOG_COMPILER_APPICON_NAME = AppIcon;
				CODE_SIGN_STYLE = Manual;
				DEVELOPMENT_TEAM = "";
				INFOPLIST_FILE = AltoViaje/Info.plist;
				LD_RUNPATH_SEARCH_PATHS = (
					"$(inherited)",
					"@executable_path/Frameworks",
				);
				PRODUCT_BUNDLE_IDENTIFIER = AltoViaje.AltoViaje;
				PRODUCT_NAME = "$(TARGET_NAME)";
				PROVISIONING_PROFILE_SPECIFIER = "";
				SWIFT_VERSION = 4.2;
				TARGETED_DEVICE_FAMILY = "1,2";
			};
			name = Release;
		};
/* End XCBuildConfiguration section */

/* Begin XCConfigurationList section */
		CE9FEA8922A472E8007E48D8 /* Build configuration list for PBXProject "AltoViaje" */ = {
			isa = XCConfigurationList;
			buildConfigurations = (
				CE9FEA9E22A472E9007E48D8 /* Debug */,
				CE9FEA9F22A472E9007E48D8 /* Release */,
			);
			defaultConfigurationIsVisible = 0;
			defaultConfigurationName = Release;
		};
		CE9FEAA022A472E9007E48D8 /* Build configuration list for PBXNativeTarget "AltoViaje" */ = {
			isa = XCConfigurationList;
			buildConfigurations = (
				CE9FEAA122A472E9007E48D8 /* Debug */,
				CE9FEAA222A472E9007E48D8 /* Release */,
			);
			defaultConfigurationIsVisible = 0;
			defaultConfigurationName = Release;
		};
/* End XCConfigurationList section */
	};
	rootObject = CE9FEA8622A472E8007E48D8 /* Project object */;
}
