// !$*UTF8*$!
{
	archiveVersion = 1;
	classes = {
	};
	objectVersion = 50;
	objects = {

/* Begin PBXBuildFile section */
		4CC58FE794F9EDADD603F539 /* Pods_altoviajeUITests.framework in Frameworks */ = {isa = PBXBuildFile; fileRef = 8BFAFDDBBC559ED6E75DB850 /* Pods_altoviajeUITests.framework */; };
		7286EEEB22A0DBAB00634B9C /* AppDelegate.swift in Sources */ = {isa = PBXBuildFile; fileRef = 7286EEEA22A0DBAB00634B9C /* AppDelegate.swift */; };
		7286EEED22A0DBAB00634B9C /* ViewController.swift in Sources */ = {isa = PBXBuildFile; fileRef = 7286EEEC22A0DBAB00634B9C /* ViewController.swift */; };
		7286EEF022A0DBAB00634B9C /* Main.storyboard in Resources */ = {isa = PBXBuildFile; fileRef = 7286EEEE22A0DBAB00634B9C /* Main.storyboard */; };
		7286EEF322A0DBAB00634B9C /* altoviaje.xcdatamodeld in Sources */ = {isa = PBXBuildFile; fileRef = 7286EEF122A0DBAB00634B9C /* altoviaje.xcdatamodeld */; };
		7286EEF522A0DBAC00634B9C /* Assets.xcassets in Resources */ = {isa = PBXBuildFile; fileRef = 7286EEF422A0DBAC00634B9C /* Assets.xcassets */; };
		7286EEF822A0DBAC00634B9C /* LaunchScreen.storyboard in Resources */ = {isa = PBXBuildFile; fileRef = 7286EEF622A0DBAC00634B9C /* LaunchScreen.storyboard */; };
		7286EF0322A0DBAC00634B9C /* altoviajeTests.swift in Sources */ = {isa = PBXBuildFile; fileRef = 7286EF0222A0DBAC00634B9C /* altoviajeTests.swift */; };
		7286EF0E22A0DBAC00634B9C /* altoviajeUITests.swift in Sources */ = {isa = PBXBuildFile; fileRef = 7286EF0D22A0DBAC00634B9C /* altoviajeUITests.swift */; };
		C47897212F65AA49EF5C5157 /* Pods_altoviaje.framework in Frameworks */ = {isa = PBXBuildFile; fileRef = F7D004AB9B258FD57B25DD26 /* Pods_altoviaje.framework */; };
		C9216E5E12E0EBDAE70762A2 /* Pods_altoviajeTests.framework in Frameworks */ = {isa = PBXBuildFile; fileRef = 8C1F84874F79DAFB0CD947BD /* Pods_altoviajeTests.framework */; };
/* End PBXBuildFile section */

/* Begin PBXContainerItemProxy section */
		7286EEFF22A0DBAC00634B9C /* PBXContainerItemProxy */ = {
			isa = PBXContainerItemProxy;
			containerPortal = 7286EEDF22A0DBAB00634B9C /* Project object */;
			proxyType = 1;
			remoteGlobalIDString = 7286EEE622A0DBAB00634B9C;
			remoteInfo = altoviaje;
		};
		7286EF0A22A0DBAC00634B9C /* PBXContainerItemProxy */ = {
			isa = PBXContainerItemProxy;
			containerPortal = 7286EEDF22A0DBAB00634B9C /* Project object */;
			proxyType = 1;
			remoteGlobalIDString = 7286EEE622A0DBAB00634B9C;
			remoteInfo = altoviaje;
		};
/* End PBXContainerItemProxy section */

/* Begin PBXFileReference section */
		0E6C8E9EE4F29D60F20DBF2A /* Pods-altoviajeUITests.debug.xcconfig */ = {isa = PBXFileReference; includeInIndex = 1; lastKnownFileType = text.xcconfig; name = "Pods-altoviajeUITests.debug.xcconfig"; path = "Pods/Target Support Files/Pods-altoviajeUITests/Pods-altoviajeUITests.debug.xcconfig"; sourceTree = "<group>"; };
		5A052A4399E10EA0919C00D6 /* Pods-altoviaje.release.xcconfig */ = {isa = PBXFileReference; includeInIndex = 1; lastKnownFileType = text.xcconfig; name = "Pods-altoviaje.release.xcconfig"; path = "Target Support Files/Pods-altoviaje/Pods-altoviaje.release.xcconfig"; sourceTree = "<group>"; };
		683D5A445DD7B92259BC933E /* Pods-altoviaje.release.xcconfig */ = {isa = PBXFileReference; includeInIndex = 1; lastKnownFileType = text.xcconfig; name = "Pods-altoviaje.release.xcconfig"; path = "Pods/Target Support Files/Pods-altoviaje/Pods-altoviaje.release.xcconfig"; sourceTree = "<group>"; };
		7286EEE722A0DBAB00634B9C /* altoviaje.app */ = {isa = PBXFileReference; explicitFileType = wrapper.application; includeInIndex = 0; path = altoviaje.app; sourceTree = BUILT_PRODUCTS_DIR; };
		7286EEEA22A0DBAB00634B9C /* AppDelegate.swift */ = {isa = PBXFileReference; lastKnownFileType = sourcecode.swift; path = AppDelegate.swift; sourceTree = "<group>"; };
		7286EEEC22A0DBAB00634B9C /* ViewController.swift */ = {isa = PBXFileReference; lastKnownFileType = sourcecode.swift; path = ViewController.swift; sourceTree = "<group>"; };
		7286EEEF22A0DBAB00634B9C /* Base */ = {isa = PBXFileReference; lastKnownFileType = file.storyboard; name = Base; path = Base.lproj/Main.storyboard; sourceTree = "<group>"; };
		7286EEF222A0DBAB00634B9C /* altoviaje.xcdatamodel */ = {isa = PBXFileReference; lastKnownFileType = wrapper.xcdatamodel; path = altoviaje.xcdatamodel; sourceTree = "<group>"; };
		7286EEF422A0DBAC00634B9C /* Assets.xcassets */ = {isa = PBXFileReference; lastKnownFileType = folder.assetcatalog; path = Assets.xcassets; sourceTree = "<group>"; };
		7286EEF722A0DBAC00634B9C /* Base */ = {isa = PBXFileReference; lastKnownFileType = file.storyboard; name = Base; path = Base.lproj/LaunchScreen.storyboard; sourceTree = "<group>"; };
		7286EEF922A0DBAC00634B9C /* Info.plist */ = {isa = PBXFileReference; lastKnownFileType = text.plist.xml; path = Info.plist; sourceTree = "<group>"; };
		7286EEFE22A0DBAC00634B9C /* altoviajeTests.xctest */ = {isa = PBXFileReference; explicitFileType = wrapper.cfbundle; includeInIndex = 0; path = altoviajeTests.xctest; sourceTree = BUILT_PRODUCTS_DIR; };
		7286EF0222A0DBAC00634B9C /* altoviajeTests.swift */ = {isa = PBXFileReference; lastKnownFileType = sourcecode.swift; path = altoviajeTests.swift; sourceTree = "<group>"; };
		7286EF0422A0DBAC00634B9C /* Info.plist */ = {isa = PBXFileReference; lastKnownFileType = text.plist.xml; path = Info.plist; sourceTree = "<group>"; };
		7286EF0922A0DBAC00634B9C /* altoviajeUITests.xctest */ = {isa = PBXFileReference; explicitFileType = wrapper.cfbundle; includeInIndex = 0; path = altoviajeUITests.xctest; sourceTree = BUILT_PRODUCTS_DIR; };
		7286EF0D22A0DBAC00634B9C /* altoviajeUITests.swift */ = {isa = PBXFileReference; lastKnownFileType = sourcecode.swift; path = altoviajeUITests.swift; sourceTree = "<group>"; };
		7286EF0F22A0DBAC00634B9C /* Info.plist */ = {isa = PBXFileReference; lastKnownFileType = text.plist.xml; path = Info.plist; sourceTree = "<group>"; };
		7BB23B4B339873AD6F33E722 /* Pods-altoviajeTests.release.xcconfig */ = {isa = PBXFileReference; includeInIndex = 1; lastKnownFileType = text.xcconfig; name = "Pods-altoviajeTests.release.xcconfig"; path = "Target Support Files/Pods-altoviajeTests/Pods-altoviajeTests.release.xcconfig"; sourceTree = "<group>"; };
		85E80E513199279E50A750CC /* Pods-altoviaje.debug.xcconfig */ = {isa = PBXFileReference; includeInIndex = 1; lastKnownFileType = text.xcconfig; name = "Pods-altoviaje.debug.xcconfig"; path = "Target Support Files/Pods-altoviaje/Pods-altoviaje.debug.xcconfig"; sourceTree = "<group>"; };
		878206C3ED1F7C11661AD90E /* Pods-altoviaje.debug.xcconfig */ = {isa = PBXFileReference; includeInIndex = 1; lastKnownFileType = text.xcconfig; name = "Pods-altoviaje.debug.xcconfig"; path = "Pods/Target Support Files/Pods-altoviaje/Pods-altoviaje.debug.xcconfig"; sourceTree = "<group>"; };
		89789D8B292F89BC5CDF91E4 /* Pods-altoviajeTests.debug.xcconfig */ = {isa = PBXFileReference; includeInIndex = 1; lastKnownFileType = text.xcconfig; name = "Pods-altoviajeTests.debug.xcconfig"; path = "Target Support Files/Pods-altoviajeTests/Pods-altoviajeTests.debug.xcconfig"; sourceTree = "<group>"; };
		8BFAFDDBBC559ED6E75DB850 /* Pods_altoviajeUITests.framework */ = {isa = PBXFileReference; explicitFileType = wrapper.framework; includeInIndex = 0; path = Pods_altoviajeUITests.framework; sourceTree = BUILT_PRODUCTS_DIR; };
		8C1F84874F79DAFB0CD947BD /* Pods_altoviajeTests.framework */ = {isa = PBXFileReference; explicitFileType = wrapper.framework; includeInIndex = 0; path = Pods_altoviajeTests.framework; sourceTree = BUILT_PRODUCTS_DIR; };
		92AE396AEF070BD604D540F8 /* Pods-altoviajeUITests.release.xcconfig */ = {isa = PBXFileReference; includeInIndex = 1; lastKnownFileType = text.xcconfig; name = "Pods-altoviajeUITests.release.xcconfig"; path = "Pods/Target Support Files/Pods-altoviajeUITests/Pods-altoviajeUITests.release.xcconfig"; sourceTree = "<group>"; };
		A90C3049A91C6D670E385B16 /* Pods-altoviajeUITests.release.xcconfig */ = {isa = PBXFileReference; includeInIndex = 1; lastKnownFileType = text.xcconfig; name = "Pods-altoviajeUITests.release.xcconfig"; path = "Target Support Files/Pods-altoviajeUITests/Pods-altoviajeUITests.release.xcconfig"; sourceTree = "<group>"; };
		C96ECC52D242F1CFB266B193 /* Pods-altoviajeTests.debug.xcconfig */ = {isa = PBXFileReference; includeInIndex = 1; lastKnownFileType = text.xcconfig; name = "Pods-altoviajeTests.debug.xcconfig"; path = "Pods/Target Support Files/Pods-altoviajeTests/Pods-altoviajeTests.debug.xcconfig"; sourceTree = "<group>"; };
		CCC805BC9EA736E222045CED /* Pods-altoviajeUITests.debug.xcconfig */ = {isa = PBXFileReference; includeInIndex = 1; lastKnownFileType = text.xcconfig; name = "Pods-altoviajeUITests.debug.xcconfig"; path = "Target Support Files/Pods-altoviajeUITests/Pods-altoviajeUITests.debug.xcconfig"; sourceTree = "<group>"; };
		F72B739EA2A439B7D627B81A /* Pods-altoviajeTests.release.xcconfig */ = {isa = PBXFileReference; includeInIndex = 1; lastKnownFileType = text.xcconfig; name = "Pods-altoviajeTests.release.xcconfig"; path = "Pods/Target Support Files/Pods-altoviajeTests/Pods-altoviajeTests.release.xcconfig"; sourceTree = "<group>"; };
		F7D004AB9B258FD57B25DD26 /* Pods_altoviaje.framework */ = {isa = PBXFileReference; explicitFileType = wrapper.framework; includeInIndex = 0; path = Pods_altoviaje.framework; sourceTree = BUILT_PRODUCTS_DIR; };
/* End PBXFileReference section */

/* Begin PBXFrameworksBuildPhase section */
		7286EEE422A0DBAB00634B9C /* Frameworks */ = {
			isa = PBXFrameworksBuildPhase;
			buildActionMask = 2147483647;
			files = (
				C47897212F65AA49EF5C5157 /* Pods_altoviaje.framework in Frameworks */,
			);
			runOnlyForDeploymentPostprocessing = 0;
		};
		7286EEFB22A0DBAC00634B9C /* Frameworks */ = {
			isa = PBXFrameworksBuildPhase;
			buildActionMask = 2147483647;
			files = (
				C9216E5E12E0EBDAE70762A2 /* Pods_altoviajeTests.framework in Frameworks */,
			);
			runOnlyForDeploymentPostprocessing = 0;
		};
		7286EF0622A0DBAC00634B9C /* Frameworks */ = {
			isa = PBXFrameworksBuildPhase;
			buildActionMask = 2147483647;
			files = (
				4CC58FE794F9EDADD603F539 /* Pods_altoviajeUITests.framework in Frameworks */,
			);
			runOnlyForDeploymentPostprocessing = 0;
		};
/* End PBXFrameworksBuildPhase section */

/* Begin PBXGroup section */
		071C36399B7CA1052E470EAF /* Pods */ = {
			isa = PBXGroup;
			children = (
				85E80E513199279E50A750CC /* Pods-altoviaje.debug.xcconfig */,
				5A052A4399E10EA0919C00D6 /* Pods-altoviaje.release.xcconfig */,
				89789D8B292F89BC5CDF91E4 /* Pods-altoviajeTests.debug.xcconfig */,
				7BB23B4B339873AD6F33E722 /* Pods-altoviajeTests.release.xcconfig */,
				CCC805BC9EA736E222045CED /* Pods-altoviajeUITests.debug.xcconfig */,
				A90C3049A91C6D670E385B16 /* Pods-altoviajeUITests.release.xcconfig */,
				878206C3ED1F7C11661AD90E /* Pods-altoviaje.debug.xcconfig */,
				683D5A445DD7B92259BC933E /* Pods-altoviaje.release.xcconfig */,
				C96ECC52D242F1CFB266B193 /* Pods-altoviajeTests.debug.xcconfig */,
				F72B739EA2A439B7D627B81A /* Pods-altoviajeTests.release.xcconfig */,
				0E6C8E9EE4F29D60F20DBF2A /* Pods-altoviajeUITests.debug.xcconfig */,
				92AE396AEF070BD604D540F8 /* Pods-altoviajeUITests.release.xcconfig */,
			);
			name = Pods;
			path = Pods;
			sourceTree = "<group>";
		};
		7286EEDE22A0DBAB00634B9C = {
			isa = PBXGroup;
			children = (
				7286EEE922A0DBAB00634B9C /* altoviaje */,
				7286EF0122A0DBAC00634B9C /* altoviajeTests */,
				7286EF0C22A0DBAC00634B9C /* altoviajeUITests */,
				7286EEE822A0DBAB00634B9C /* Products */,
				071C36399B7CA1052E470EAF /* Pods */,
				B01295EA5D8F1F3FB9A5973C /* Frameworks */,
			);
			sourceTree = "<group>";
		};
		7286EEE822A0DBAB00634B9C /* Products */ = {
			isa = PBXGroup;
			children = (
				7286EEE722A0DBAB00634B9C /* altoviaje.app */,
				7286EEFE22A0DBAC00634B9C /* altoviajeTests.xctest */,
				7286EF0922A0DBAC00634B9C /* altoviajeUITests.xctest */,
			);
			name = Products;
			sourceTree = "<group>";
		};
		7286EEE922A0DBAB00634B9C /* altoviaje */ = {
			isa = PBXGroup;
			children = (
				7286EEEA22A0DBAB00634B9C /* AppDelegate.swift */,
				7286EEEC22A0DBAB00634B9C /* ViewController.swift */,
				7286EEEE22A0DBAB00634B9C /* Main.storyboard */,
				7286EEF422A0DBAC00634B9C /* Assets.xcassets */,
				7286EEF622A0DBAC00634B9C /* LaunchScreen.storyboard */,
				7286EEF922A0DBAC00634B9C /* Info.plist */,
				7286EEF122A0DBAB00634B9C /* altoviaje.xcdatamodeld */,
			);
			path = altoviaje;
			sourceTree = "<group>";
		};
		7286EF0122A0DBAC00634B9C /* altoviajeTests */ = {
			isa = PBXGroup;
			children = (
				7286EF0222A0DBAC00634B9C /* altoviajeTests.swift */,
				7286EF0422A0DBAC00634B9C /* Info.plist */,
			);
			path = altoviajeTests;
			sourceTree = "<group>";
		};
		7286EF0C22A0DBAC00634B9C /* altoviajeUITests */ = {
			isa = PBXGroup;
			children = (
				7286EF0D22A0DBAC00634B9C /* altoviajeUITests.swift */,
				7286EF0F22A0DBAC00634B9C /* Info.plist */,
			);
			path = altoviajeUITests;
			sourceTree = "<group>";
		};
		B01295EA5D8F1F3FB9A5973C /* Frameworks */ = {
			isa = PBXGroup;
			children = (
				F7D004AB9B258FD57B25DD26 /* Pods_altoviaje.framework */,
				8C1F84874F79DAFB0CD947BD /* Pods_altoviajeTests.framework */,
				8BFAFDDBBC559ED6E75DB850 /* Pods_altoviajeUITests.framework */,
			);
			name = Frameworks;
			sourceTree = "<group>";
		};
/* End PBXGroup section */

/* Begin PBXNativeTarget section */
		7286EEE622A0DBAB00634B9C /* altoviaje */ = {
			isa = PBXNativeTarget;
			buildConfigurationList = 7286EF1222A0DBAC00634B9C /* Build configuration list for PBXNativeTarget "altoviaje" */;
			buildPhases = (
				F0C7609B839907A195DC1C2A /* [CP] Check Pods Manifest.lock */,
				7286EEE322A0DBAB00634B9C /* Sources */,
				7286EEE422A0DBAB00634B9C /* Frameworks */,
				7286EEE522A0DBAB00634B9C /* Resources */,
			);
			buildRules = (
			);
			dependencies = (
			);
			name = altoviaje;
			productName = altoviaje;
			productReference = 7286EEE722A0DBAB00634B9C /* altoviaje.app */;
			productType = "com.apple.product-type.application";
		};
		7286EEFD22A0DBAC00634B9C /* altoviajeTests */ = {
			isa = PBXNativeTarget;
			buildConfigurationList = 7286EF1522A0DBAC00634B9C /* Build configuration list for PBXNativeTarget "altoviajeTests" */;
			buildPhases = (
				29824375272BC31CEE6996BE /* [CP] Check Pods Manifest.lock */,
				7286EEFA22A0DBAC00634B9C /* Sources */,
				7286EEFB22A0DBAC00634B9C /* Frameworks */,
				7286EEFC22A0DBAC00634B9C /* Resources */,
			);
			buildRules = (
			);
			dependencies = (
				7286EF0022A0DBAC00634B9C /* PBXTargetDependency */,
			);
			name = altoviajeTests;
			productName = altoviajeTests;
			productReference = 7286EEFE22A0DBAC00634B9C /* altoviajeTests.xctest */;
			productType = "com.apple.product-type.bundle.unit-test";
		};
		7286EF0822A0DBAC00634B9C /* altoviajeUITests */ = {
			isa = PBXNativeTarget;
			buildConfigurationList = 7286EF1822A0DBAC00634B9C /* Build configuration list for PBXNativeTarget "altoviajeUITests" */;
			buildPhases = (
				044B6DCBF85C9AA706C14103 /* [CP] Check Pods Manifest.lock */,
				7286EF0522A0DBAC00634B9C /* Sources */,
				7286EF0622A0DBAC00634B9C /* Frameworks */,
				7286EF0722A0DBAC00634B9C /* Resources */,
			);
			buildRules = (
			);
			dependencies = (
				7286EF0B22A0DBAC00634B9C /* PBXTargetDependency */,
			);
			name = altoviajeUITests;
			productName = altoviajeUITests;
			productReference = 7286EF0922A0DBAC00634B9C /* altoviajeUITests.xctest */;
			productType = "com.apple.product-type.bundle.ui-testing";
		};
/* End PBXNativeTarget section */

/* Begin PBXProject section */
		7286EEDF22A0DBAB00634B9C /* Project object */ = {
			isa = PBXProject;
			attributes = {
				LastSwiftUpdateCheck = 1010;
				LastUpgradeCheck = 1010;
				ORGANIZATIONNAME = "Agustin Palmeira";
				TargetAttributes = {
					7286EEE622A0DBAB00634B9C = {
						CreatedOnToolsVersion = 10.1;
					};
					7286EEFD22A0DBAC00634B9C = {
						CreatedOnToolsVersion = 10.1;
						TestTargetID = 7286EEE622A0DBAB00634B9C;
					};
					7286EF0822A0DBAC00634B9C = {
						CreatedOnToolsVersion = 10.1;
						TestTargetID = 7286EEE622A0DBAB00634B9C;
					};
				};
			};
			buildConfigurationList = 7286EEE222A0DBAB00634B9C /* Build configuration list for PBXProject "altoviaje" */;
			compatibilityVersion = "Xcode 9.3";
			developmentRegion = en;
			hasScannedForEncodings = 0;
			knownRegions = (
				en,
				Base,
			);
			mainGroup = 7286EEDE22A0DBAB00634B9C;
			productRefGroup = 7286EEE822A0DBAB00634B9C /* Products */;
			projectDirPath = "";
			projectRoot = "";
			targets = (
				7286EEE622A0DBAB00634B9C /* altoviaje */,
				7286EEFD22A0DBAC00634B9C /* altoviajeTests */,
				7286EF0822A0DBAC00634B9C /* altoviajeUITests */,
			);
		};
/* End PBXProject section */

/* Begin PBXResourcesBuildPhase section */
		7286EEE522A0DBAB00634B9C /* Resources */ = {
			isa = PBXResourcesBuildPhase;
			buildActionMask = 2147483647;
			files = (
				7286EEF822A0DBAC00634B9C /* LaunchScreen.storyboard in Resources */,
				7286EEF522A0DBAC00634B9C /* Assets.xcassets in Resources */,
				7286EEF022A0DBAB00634B9C /* Main.storyboard in Resources */,
			);
			runOnlyForDeploymentPostprocessing = 0;
		};
		7286EEFC22A0DBAC00634B9C /* Resources */ = {
			isa = PBXResourcesBuildPhase;
			buildActionMask = 2147483647;
			files = (
			);
			runOnlyForDeploymentPostprocessing = 0;
		};
		7286EF0722A0DBAC00634B9C /* Resources */ = {
			isa = PBXResourcesBuildPhase;
			buildActionMask = 2147483647;
			files = (
			);
			runOnlyForDeploymentPostprocessing = 0;
		};
/* End PBXResourcesBuildPhase section */

/* Begin PBXShellScriptBuildPhase section */
		044B6DCBF85C9AA706C14103 /* [CP] Check Pods Manifest.lock */ = {
			isa = PBXShellScriptBuildPhase;
			buildActionMask = 2147483647;
			files = (
			);
			inputPaths = (
				"${PODS_PODFILE_DIR_PATH}/Podfile.lock",
				"${PODS_ROOT}/Manifest.lock",
			);
			name = "[CP] Check Pods Manifest.lock";
			outputPaths = (
				"$(DERIVED_FILE_DIR)/Pods-altoviajeUITests-checkManifestLockResult.txt",
			);
			runOnlyForDeploymentPostprocessing = 0;
			shellPath = /bin/sh;
			shellScript = "diff \"${PODS_PODFILE_DIR_PATH}/Podfile.lock\" \"${PODS_ROOT}/Manifest.lock\" > /dev/null\nif [ $? != 0 ] ; then\n    # print error to STDERR\n    echo \"error: The sandbox is not in sync with the Podfile.lock. Run 'pod install' or update your CocoaPods installation.\" >&2\n    exit 1\nfi\n# This output is used by Xcode 'outputs' to avoid re-running this script phase.\necho \"SUCCESS\" > \"${SCRIPT_OUTPUT_FILE_0}\"\n";
			showEnvVarsInLog = 0;
		};
		29824375272BC31CEE6996BE /* [CP] Check Pods Manifest.lock */ = {
			isa = PBXShellScriptBuildPhase;
			buildActionMask = 2147483647;
			files = (
			);
			inputPaths = (
				"${PODS_PODFILE_DIR_PATH}/Podfile.lock",
				"${PODS_ROOT}/Manifest.lock",
			);
			name = "[CP] Check Pods Manifest.lock";
			outputPaths = (
				"$(DERIVED_FILE_DIR)/Pods-altoviajeTests-checkManifestLockResult.txt",
			);
			runOnlyForDeploymentPostprocessing = 0;
			shellPath = /bin/sh;
			shellScript = "diff \"${PODS_PODFILE_DIR_PATH}/Podfile.lock\" \"${PODS_ROOT}/Manifest.lock\" > /dev/null\nif [ $? != 0 ] ; then\n    # print error to STDERR\n    echo \"error: The sandbox is not in sync with the Podfile.lock. Run 'pod install' or update your CocoaPods installation.\" >&2\n    exit 1\nfi\n# This output is used by Xcode 'outputs' to avoid re-running this script phase.\necho \"SUCCESS\" > \"${SCRIPT_OUTPUT_FILE_0}\"\n";
			showEnvVarsInLog = 0;
		};
		F0C7609B839907A195DC1C2A /* [CP] Check Pods Manifest.lock */ = {
			isa = PBXShellScriptBuildPhase;
			buildActionMask = 2147483647;
			files = (
			);
			inputPaths = (
				"${PODS_PODFILE_DIR_PATH}/Podfile.lock",
				"${PODS_ROOT}/Manifest.lock",
			);
			name = "[CP] Check Pods Manifest.lock";
			outputPaths = (
				"$(DERIVED_FILE_DIR)/Pods-altoviaje-checkManifestLockResult.txt",
			);
			runOnlyForDeploymentPostprocessing = 0;
			shellPath = /bin/sh;
			shellScript = "diff \"${PODS_PODFILE_DIR_PATH}/Podfile.lock\" \"${PODS_ROOT}/Manifest.lock\" > /dev/null\nif [ $? != 0 ] ; then\n    # print error to STDERR\n    echo \"error: The sandbox is not in sync with the Podfile.lock. Run 'pod install' or update your CocoaPods installation.\" >&2\n    exit 1\nfi\n# This output is used by Xcode 'outputs' to avoid re-running this script phase.\necho \"SUCCESS\" > \"${SCRIPT_OUTPUT_FILE_0}\"\n";
			showEnvVarsInLog = 0;
		};
/* End PBXShellScriptBuildPhase section */

/* Begin PBXSourcesBuildPhase section */
		7286EEE322A0DBAB00634B9C /* Sources */ = {
			isa = PBXSourcesBuildPhase;
			buildActionMask = 2147483647;
			files = (
				7286EEF322A0DBAB00634B9C /* altoviaje.xcdatamodeld in Sources */,
				7286EEED22A0DBAB00634B9C /* ViewController.swift in Sources */,
				7286EEEB22A0DBAB00634B9C /* AppDelegate.swift in Sources */,
			);
			runOnlyForDeploymentPostprocessing = 0;
		};
		7286EEFA22A0DBAC00634B9C /* Sources */ = {
			isa = PBXSourcesBuildPhase;
			buildActionMask = 2147483647;
			files = (
				7286EF0322A0DBAC00634B9C /* altoviajeTests.swift in Sources */,
			);
			runOnlyForDeploymentPostprocessing = 0;
		};
		7286EF0522A0DBAC00634B9C /* Sources */ = {
			isa = PBXSourcesBuildPhase;
			buildActionMask = 2147483647;
			files = (
				7286EF0E22A0DBAC00634B9C /* altoviajeUITests.swift in Sources */,
			);
			runOnlyForDeploymentPostprocessing = 0;
		};
/* End PBXSourcesBuildPhase section */

/* Begin PBXTargetDependency section */
		7286EF0022A0DBAC00634B9C /* PBXTargetDependency */ = {
			isa = PBXTargetDependency;
			target = 7286EEE622A0DBAB00634B9C /* altoviaje */;
			targetProxy = 7286EEFF22A0DBAC00634B9C /* PBXContainerItemProxy */;
		};
		7286EF0B22A0DBAC00634B9C /* PBXTargetDependency */ = {
			isa = PBXTargetDependency;
			target = 7286EEE622A0DBAB00634B9C /* altoviaje */;
			targetProxy = 7286EF0A22A0DBAC00634B9C /* PBXContainerItemProxy */;
		};
/* End PBXTargetDependency section */

/* Begin PBXVariantGroup section */
		7286EEEE22A0DBAB00634B9C /* Main.storyboard */ = {
			isa = PBXVariantGroup;
			children = (
				7286EEEF22A0DBAB00634B9C /* Base */,
			);
			name = Main.storyboard;
			sourceTree = "<group>";
		};
		7286EEF622A0DBAC00634B9C /* LaunchScreen.storyboard */ = {
			isa = PBXVariantGroup;
			children = (
				7286EEF722A0DBAC00634B9C /* Base */,
			);
			name = LaunchScreen.storyboard;
			sourceTree = "<group>";
		};
/* End PBXVariantGroup section */

/* Begin XCBuildConfiguration section */
		7286EF1022A0DBAC00634B9C /* Debug */ = {
			isa = XCBuildConfiguration;
			buildSettings = {
				ALWAYS_SEARCH_USER_PATHS = NO;
				CLANG_ANALYZER_NONNULL = YES;
				CLANG_ANALYZER_NUMBER_OBJECT_CONVERSION = YES_AGGRESSIVE;
				CLANG_CXX_LANGUAGE_STANDARD = "gnu++14";
				CLANG_CXX_LIBRARY = "libc++";
				CLANG_ENABLE_MODULES = YES;
				CLANG_ENABLE_OBJC_ARC = YES;
				CLANG_ENABLE_OBJC_WEAK = YES;
				CLANG_WARN_BLOCK_CAPTURE_AUTORELEASING = YES;
				CLANG_WARN_BOOL_CONVERSION = YES;
				CLANG_WARN_COMMA = YES;
				CLANG_WARN_CONSTANT_CONVERSION = YES;
				CLANG_WARN_DEPRECATED_OBJC_IMPLEMENTATIONS = YES;
				CLANG_WARN_DIRECT_OBJC_ISA_USAGE = YES_ERROR;
				CLANG_WARN_DOCUMENTATION_COMMENTS = YES;
				CLANG_WARN_EMPTY_BODY = YES;
				CLANG_WARN_ENUM_CONVERSION = YES;
				CLANG_WARN_INFINITE_RECURSION = YES;
				CLANG_WARN_INT_CONVERSION = YES;
				CLANG_WARN_NON_LITERAL_NULL_CONVERSION = YES;
				CLANG_WARN_OBJC_IMPLICIT_RETAIN_SELF = YES;
				CLANG_WARN_OBJC_LITERAL_CONVERSION = YES;
				CLANG_WARN_OBJC_ROOT_CLASS = YES_ERROR;
				CLANG_WARN_RANGE_LOOP_ANALYSIS = YES;
				CLANG_WARN_STRICT_PROTOTYPES = YES;
				CLANG_WARN_SUSPICIOUS_MOVE = YES;
				CLANG_WARN_UNGUARDED_AVAILABILITY = YES_AGGRESSIVE;
				CLANG_WARN_UNREACHABLE_CODE = YES;
				CLANG_WARN__DUPLICATE_METHOD_MATCH = YES;
				CODE_SIGN_IDENTITY = "iPhone Developer";
				COPY_PHASE_STRIP = NO;
				DEBUG_INFORMATION_FORMAT = dwarf;
				ENABLE_STRICT_OBJC_MSGSEND = YES;
				ENABLE_TESTABILITY = YES;
				GCC_C_LANGUAGE_STANDARD = gnu11;
				GCC_DYNAMIC_NO_PIC = NO;
				GCC_NO_COMMON_BLOCKS = YES;
				GCC_OPTIMIZATION_LEVEL = 0;
				GCC_PREPROCESSOR_DEFINITIONS = (
					"DEBUG=1",
					"$(inherited)",
				);
				GCC_WARN_64_TO_32_BIT_CONVERSION = YES;
				GCC_WARN_ABOUT_RETURN_TYPE = YES_ERROR;
				GCC_WARN_UNDECLARED_SELECTOR = YES;
				GCC_WARN_UNINITIALIZED_AUTOS = YES_AGGRESSIVE;
				GCC_WARN_UNUSED_FUNCTION = YES;
				GCC_WARN_UNUSED_VARIABLE = YES;
				IPHONEOS_DEPLOYMENT_TARGET = 11.0;
				MTL_ENABLE_DEBUG_INFO = INCLUDE_SOURCE;
				MTL_FAST_MATH = YES;
				ONLY_ACTIVE_ARCH = YES;
				SDKROOT = iphoneos;
				SWIFT_ACTIVE_COMPILATION_CONDITIONS = DEBUG;
				SWIFT_OPTIMIZATION_LEVEL = "-Onone";
			};
			name = Debug;
		};
		7286EF1122A0DBAC00634B9C /* Release */ = {
			isa = XCBuildConfiguration;
			buildSettings = {
				ALWAYS_SEARCH_USER_PATHS = NO;
				CLANG_ANALYZER_NONNULL = YES;
				CLANG_ANALYZER_NUMBER_OBJECT_CONVERSION = YES_AGGRESSIVE;
				CLANG_CXX_LANGUAGE_STANDARD = "gnu++14";
				CLANG_CXX_LIBRARY = "libc++";
				CLANG_ENABLE_MODULES = YES;
				CLANG_ENABLE_OBJC_ARC = YES;
				CLANG_ENABLE_OBJC_WEAK = YES;
				CLANG_WARN_BLOCK_CAPTURE_AUTORELEASING = YES;
				CLANG_WARN_BOOL_CONVERSION = YES;
				CLANG_WARN_COMMA = YES;
				CLANG_WARN_CONSTANT_CONVERSION = YES;
				CLANG_WARN_DEPRECATED_OBJC_IMPLEMENTATIONS = YES;
				CLANG_WARN_DIRECT_OBJC_ISA_USAGE = YES_ERROR;
				CLANG_WARN_DOCUMENTATION_COMMENTS = YES;
				CLANG_WARN_EMPTY_BODY = YES;
				CLANG_WARN_ENUM_CONVERSION = YES;
				CLANG_WARN_INFINITE_RECURSION = YES;
				CLANG_WARN_INT_CONVERSION = YES;
				CLANG_WARN_NON_LITERAL_NULL_CONVERSION = YES;
				CLANG_WARN_OBJC_IMPLICIT_RETAIN_SELF = YES;
				CLANG_WARN_OBJC_LITERAL_CONVERSION = YES;
				CLANG_WARN_OBJC_ROOT_CLASS = YES_ERROR;
				CLANG_WARN_RANGE_LOOP_ANALYSIS = YES;
				CLANG_WARN_STRICT_PROTOTYPES = YES;
				CLANG_WARN_SUSPICIOUS_MOVE = YES;
				CLANG_WARN_UNGUARDED_AVAILABILITY = YES_AGGRESSIVE;
				CLANG_WARN_UNREACHABLE_CODE = YES;
				CLANG_WARN__DUPLICATE_METHOD_MATCH = YES;
				CODE_SIGN_IDENTITY = "iPhone Developer";
				COPY_PHASE_STRIP = NO;
				DEBUG_INFORMATION_FORMAT = "dwarf-with-dsym";
				ENABLE_NS_ASSERTIONS = NO;
				ENABLE_STRICT_OBJC_MSGSEND = YES;
				GCC_C_LANGUAGE_STANDARD = gnu11;
				GCC_NO_COMMON_BLOCKS = YES;
				GCC_WARN_64_TO_32_BIT_CONVERSION = YES;
				GCC_WARN_ABOUT_RETURN_TYPE = YES_ERROR;
				GCC_WARN_UNDECLARED_SELECTOR = YES;
				GCC_WARN_UNINITIALIZED_AUTOS = YES_AGGRESSIVE;
				GCC_WARN_UNUSED_FUNCTION = YES;
				GCC_WARN_UNUSED_VARIABLE = YES;
				IPHONEOS_DEPLOYMENT_TARGET = 11.0;
				MTL_ENABLE_DEBUG_INFO = NO;
				MTL_FAST_MATH = YES;
				SDKROOT = iphoneos;
				SWIFT_COMPILATION_MODE = wholemodule;
				SWIFT_OPTIMIZATION_LEVEL = "-O";
				VALIDATE_PRODUCT = YES;
			};
			name = Release;
		};
		7286EF1322A0DBAC00634B9C /* Debug */ = {
			isa = XCBuildConfiguration;
			baseConfigurationReference = 878206C3ED1F7C11661AD90E /* Pods-altoviaje.debug.xcconfig */;
			buildSettings = {
				ASSETCATALOG_COMPILER_APPICON_NAME = AppIcon;
				CODE_SIGN_STYLE = Manual;
				DEVELOPMENT_TEAM = ARC7EPQWL9;
				INFOPLIST_FILE = altoviaje/Info.plist;
				LD_RUNPATH_SEARCH_PATHS = (
					"$(inherited)",
					"@executable_path/Frameworks",
				);
				PRODUCT_BUNDLE_IDENTIFIER = agustinpalmeira.altoviaje;
				PRODUCT_NAME = "$(TARGET_NAME)";
				PROVISIONING_PROFILE_SPECIFIER = "FDViOSTeam Developer 2016 02 29 A";
				SWIFT_VERSION = 4.2;
				TARGETED_DEVICE_FAMILY = 1;
			};
			name = Debug;
		};
		7286EF1422A0DBAC00634B9C /* Release */ = {
			isa = XCBuildConfiguration;
			baseConfigurationReference = 683D5A445DD7B92259BC933E /* Pods-altoviaje.release.xcconfig */;
			buildSettings = {
				ASSETCATALOG_COMPILER_APPICON_NAME = AppIcon;
				CODE_SIGN_STYLE = Manual;
				DEVELOPMENT_TEAM = "";
				INFOPLIST_FILE = altoviaje/Info.plist;
				LD_RUNPATH_SEARCH_PATHS = (
					"$(inherited)",
					"@executable_path/Frameworks",
				);
				PRODUCT_BUNDLE_IDENTIFIER = agustinpalmeira.altoviaje;
				PRODUCT_NAME = "$(TARGET_NAME)";
				PROVISIONING_PROFILE_SPECIFIER = "";
				SWIFT_VERSION = 4.2;
				TARGETED_DEVICE_FAMILY = 1;
			};
			name = Release;
		};
		7286EF1622A0DBAC00634B9C /* Debug */ = {
			isa = XCBuildConfiguration;
			baseConfigurationReference = C96ECC52D242F1CFB266B193 /* Pods-altoviajeTests.debug.xcconfig */;
			buildSettings = {
				ALWAYS_EMBED_SWIFT_STANDARD_LIBRARIES = YES;
				BUNDLE_LOADER = "$(TEST_HOST)";
				CODE_SIGN_STYLE = Automatic;
				DEVELOPMENT_TEAM = ARC7EPQWL9;
				INFOPLIST_FILE = altoviajeTests/Info.plist;
				LD_RUNPATH_SEARCH_PATHS = (
					"$(inherited)",
					"@executable_path/Frameworks",
					"@loader_path/Frameworks",
				);
				PRODUCT_BUNDLE_IDENTIFIER = agustinpalmeira.altoviajeTests;
				PRODUCT_NAME = "$(TARGET_NAME)";
				SWIFT_VERSION = 4.2;
				TARGETED_DEVICE_FAMILY = "1,2";
				TEST_HOST = "$(BUILT_PRODUCTS_DIR)/altoviaje.app/altoviaje";
			};
			name = Debug;
		};
		7286EF1722A0DBAC00634B9C /* Release */ = {
			isa = XCBuildConfiguration;
			baseConfigurationReference = F72B739EA2A439B7D627B81A /* Pods-altoviajeTests.release.xcconfig */;
			buildSettings = {
				ALWAYS_EMBED_SWIFT_STANDARD_LIBRARIES = YES;
				BUNDLE_LOADER = "$(TEST_HOST)";
				CODE_SIGN_STYLE = Automatic;
				DEVELOPMENT_TEAM = ARC7EPQWL9;
				INFOPLIST_FILE = altoviajeTests/Info.plist;
				LD_RUNPATH_SEARCH_PATHS = (
					"$(inherited)",
					"@executable_path/Frameworks",
					"@loader_path/Frameworks",
				);
				PRODUCT_BUNDLE_IDENTIFIER = agustinpalmeira.altoviajeTests;
				PRODUCT_NAME = "$(TARGET_NAME)";
				SWIFT_VERSION = 4.2;
				TARGETED_DEVICE_FAMILY = "1,2";
				TEST_HOST = "$(BUILT_PRODUCTS_DIR)/altoviaje.app/altoviaje";
			};
			name = Release;
		};
		7286EF1922A0DBAC00634B9C /* Debug */ = {
			isa = XCBuildConfiguration;
			baseConfigurationReference = 0E6C8E9EE4F29D60F20DBF2A /* Pods-altoviajeUITests.debug.xcconfig */;
			buildSettings = {
				ALWAYS_EMBED_SWIFT_STANDARD_LIBRARIES = YES;
				CODE_SIGN_STYLE = Automatic;
				DEVELOPMENT_TEAM = ARC7EPQWL9;
				INFOPLIST_FILE = altoviajeUITests/Info.plist;
				LD_RUNPATH_SEARCH_PATHS = (
					"$(inherited)",
					"@executable_path/Frameworks",
					"@loader_path/Frameworks",
				);
				PRODUCT_BUNDLE_IDENTIFIER = agustinpalmeira.altoviajeUITests;
				PRODUCT_NAME = "$(TARGET_NAME)";
				SWIFT_VERSION = 4.2;
				TARGETED_DEVICE_FAMILY = "1,2";
				TEST_TARGET_NAME = altoviaje;
			};
			name = Debug;
		};
		7286EF1A22A0DBAC00634B9C /* Release */ = {
			isa = XCBuildConfiguration;
			baseConfigurationReference = 92AE396AEF070BD604D540F8 /* Pods-altoviajeUITests.release.xcconfig */;
			buildSettings = {
				ALWAYS_EMBED_SWIFT_STANDARD_LIBRARIES = YES;
				CODE_SIGN_STYLE = Automatic;
				DEVELOPMENT_TEAM = ARC7EPQWL9;
				INFOPLIST_FILE = altoviajeUITests/Info.plist;
				LD_RUNPATH_SEARCH_PATHS = (
					"$(inherited)",
					"@executable_path/Frameworks",
					"@loader_path/Frameworks",
				);
				PRODUCT_BUNDLE_IDENTIFIER = agustinpalmeira.altoviajeUITests;
				PRODUCT_NAME = "$(TARGET_NAME)";
				SWIFT_VERSION = 4.2;
				TARGETED_DEVICE_FAMILY = "1,2";
				TEST_TARGET_NAME = altoviaje;
			};
			name = Release;
		};
/* End XCBuildConfiguration section */

/* Begin XCConfigurationList section */
		7286EEE222A0DBAB00634B9C /* Build configuration list for PBXProject "altoviaje" */ = {
			isa = XCConfigurationList;
			buildConfigurations = (
				7286EF1022A0DBAC00634B9C /* Debug */,
				7286EF1122A0DBAC00634B9C /* Release */,
			);
			defaultConfigurationIsVisible = 0;
			defaultConfigurationName = Release;
		};
		7286EF1222A0DBAC00634B9C /* Build configuration list for PBXNativeTarget "altoviaje" */ = {
			isa = XCConfigurationList;
			buildConfigurations = (
				7286EF1322A0DBAC00634B9C /* Debug */,
				7286EF1422A0DBAC00634B9C /* Release */,
			);
			defaultConfigurationIsVisible = 0;
			defaultConfigurationName = Release;
		};
		7286EF1522A0DBAC00634B9C /* Build configuration list for PBXNativeTarget "altoviajeTests" */ = {
			isa = XCConfigurationList;
			buildConfigurations = (
				7286EF1622A0DBAC00634B9C /* Debug */,
				7286EF1722A0DBAC00634B9C /* Release */,
			);
			defaultConfigurationIsVisible = 0;
			defaultConfigurationName = Release;
		};
		7286EF1822A0DBAC00634B9C /* Build configuration list for PBXNativeTarget "altoviajeUITests" */ = {
			isa = XCConfigurationList;
			buildConfigurations = (
				7286EF1922A0DBAC00634B9C /* Debug */,
				7286EF1A22A0DBAC00634B9C /* Release */,
			);
			defaultConfigurationIsVisible = 0;
			defaultConfigurationName = Release;
		};
/* End XCConfigurationList section */

/* Begin XCVersionGroup section */
		7286EEF122A0DBAB00634B9C /* altoviaje.xcdatamodeld */ = {
			isa = XCVersionGroup;
			children = (
				7286EEF222A0DBAB00634B9C /* altoviaje.xcdatamodel */,
			);
			currentVersion = 7286EEF222A0DBAB00634B9C /* altoviaje.xcdatamodel */;
			path = altoviaje.xcdatamodeld;
			sourceTree = "<group>";
			versionGroupType = wrapper.xcdatamodel;
		};
/* End XCVersionGroup section */
	};
	rootObject = 7286EEDF22A0DBAB00634B9C /* Project object */;
}
